
Microsoft Visual Studio Solution File, Format Version 12.00
# Visual Studio Version 16
VisualStudioVersion = 16.0.29806.167
MinimumVisualStudioVersion = 10.0.40219.1
Project("{FAE04EC0-301F-11D3-BF4B-00C04F79EFBC}") = "Boerse Moerse v0.1", "Boerse Moerse v0.1\Boerse Moerse v0.1.csproj", "{18D32EBD-3CDE-40F9-A658-730D3CFC98CB}"
EndProject
Global
	GlobalSection(SolutionConfigurationPlatforms) = preSolution
		Debug|Any CPU = Debug|Any CPU
		Release|Any CPU = Release|Any CPU
	EndGlobalSection
	GlobalSection(ProjectConfigurationPlatforms) = postSolution
		{18D32EBD-3CDE-40F9-A658-730D3CFC98CB}.Debug|Any CPU.ActiveCfg = Debug|Any CPU
		{18D32EBD-3CDE-40F9-A658-730D3CFC98CB}.Debug|Any CPU.Build.0 = Debug|Any CPU
		{18D32EBD-3CDE-40F9-A658-730D3CFC98CB}.Release|Any CPU.ActiveCfg = Release|Any CPU
		{18D32EBD-3CDE-40F9-A658-730D3CFC98CB}.Release|Any CPU.Build.0 = Release|Any CPU
	EndGlobalSection
	GlobalSection(SolutionProperties) = preSolution
		HideSolutionNode = FALSE
	EndGlobalSection
	GlobalSection(ExtensibilityGlobals) = postSolution
		SolutionGuid = {E79232C5-DC5A-40F1-9FBA-99AF552B614D}
	EndGlobalSection
EndGlobal
